PODS:
  - CUPMobileLibrary (0.1.1):
    - CUPMobileLibrary/Article
    - CUPMobileLibrary/Issue
    - CUPMobileLibrary/Journal
    - CUPMobileLibrary/Volume
  - CUPMobileLibrary/Article (0.1.1):
    - CUPMobileLibrary/Issue
  - CUPMobileLibrary/Issue (0.1.1):
    - CUPMobileLibrary/Volume
  - CUPMobileLibrary/Journal (0.1.1)
  - CUPMobileLibrary/Volume (0.1.1):
    - CUPMobileLibrary/Journal

DEPENDENCIES:
  - CUPMobileLibrary (from `../`)

EXTERNAL SOURCES:
  CUPMobileLibrary:
    :path: ../

SPEC CHECKSUMS:
  CUPMobileLibrary: 17fd9155dd563b6d7005e566288ed6d6b2d22288

COCOAPODS: 0.34.4
